<?xml version="1.0" encoding="utf-8"?>
<Project ToolsVersion="4.0" xmlns="http://schemas.microsoft.com/developer/msbuild/2003">
  <ItemGroup>
    <ClCompile Include="main.cpp" />
    <ClCompile Include="include\serial\impl\list_ports_linux.cc">
      <Filter>SerialPortLibrary</Filter>
    </ClCompile>
    <ClCompile Include="include\serial\impl\list_ports_osx.cc">
      <Filter>SerialPortLibrary</Filter>
    </ClCompile>
    <ClCompile Include="include\serial\impl\list_ports_win.cc">
      <Filter>SerialPortLibrary</Filter>
    </ClCompile>
    <ClCompile Include="include\serial\impl\serial.cc">
      <Filter>SerialPortLibrary</Filter>
    </ClCompile>
    <ClCompile Include="include\serial\impl\unix.cc">
      <Filter>SerialPortLibrary</Filter>
    </ClCompile>
    <ClCompile Include="include\serial\impl\win.cc">
      <Filter>SerialPortLibrary</Filter>
    </ClCompile>
    <ClCompile Include="Packet.cpp">
      <Filter>Packets</Filter>
    </ClCompile>
    <ClCompile Include="Utilities.cpp">
      <Filter>Utilities</Filter>
    </ClCompile>
    <ClCompile Include="APDUCommand.cpp">
      <Filter>Packets</Filter>
    </ClCompile>
    <ClCompile Include="APDUResponse.cpp">
      <Filter>Packets</Filter>
    </ClCompile>
  </ItemGroup>
  <ItemGroup>
    <ClInclude Include="include\serial\serial.h">
      <Filter>SerialPortLibrary</Filter>
    </ClInclude>
    <ClInclude Include="include\serial\impl\unix.h">
      <Filter>SerialPortLibrary</Filter>
    </ClInclude>
    <ClInclude Include="include\serial\v8stdint.h">
      <Filter>SerialPortLibrary</Filter>
    </ClInclude>
    <ClInclude Include="include\serial\impl\win.h">
      <Filter>SerialPortLibrary</Filter>
    </ClInclude>
    <ClInclude Include="Enums.h">
      <Filter>headers</Filter>
    </ClInclude>
    <ClInclude Include="Libs.h">
      <Filter>headers</Filter>
    </ClInclude>
    <ClInclude Include="Packet.h">
      <Filter>Packets</Filter>
    </ClInclude>
    <ClInclude Include="Utilities.h">
      <Filter>Utilities</Filter>
    </ClInclude>
    <ClInclude Include="APDUCommand.h">
      <Filter>Packets</Filter>
    </ClInclude>
    <ClInclude Include="Constants.h">
      <Filter>headers</Filter>
    </ClInclude>
    <ClInclude Include="APDUResponse.h">
      <Filter>Packets</Filter>
    </ClInclude>
  </ItemGroup>
  <ItemGroup>
    <Filter Include="SerialPortLibrary">
      <UniqueIdentifier>{3775daf0-3614-43b9-b40f-11df7353954e}</UniqueIdentifier>
    </Filter>
    <Filter Include="headers">
      <UniqueIdentifier>{d53793cc-dd91-4461-b637-85a88dbc44d7}</UniqueIdentifier>
    </Filter>
    <Filter Include="Packets">
      <UniqueIdentifier>{64a96647-ce55-4f31-ab26-cbee6df9e73b}</UniqueIdentifier>
    </Filter>
    <Filter Include="Utilities">
      <UniqueIdentifier>{010f73ed-9062-4423-8026-75d125e60113}</UniqueIdentifier>
    </Filter>
  </ItemGroup>
</Project>