<?xml version="1.0" encoding="utf-8"?>
<Project ToolsVersion="4.0" xmlns="http://schemas.microsoft.com/developer/msbuild/2003">
  <ItemGroup>
    <ClCompile Include="main.cpp" />
    <ClCompile Include="include\serial\impl\list_ports_linux.cc">
      <Filter>SerialPortLibrary</Filter>
    </ClCompile>
    <ClCompile Include="include\serial\impl\list_ports_osx.cc">
      <Filter>SerialPortLibrary</Filter>
    </ClCompile>
    <ClCompile Include="include\serial\impl\list_ports_win.cc">
      <Filter>SerialPortLibrary</Filter>
    </ClCompile>
    <ClCompile Include="include\serial\impl\serial.cc">
      <Filter>SerialPortLibrary</Filter>
    </ClCompile>
    <ClCompile Include="include\serial\impl\unix.cc">
      <Filter>SerialPortLibrary</Filter>
    </ClCompile>
    <ClCompile Include="include\serial\impl\win.cc">
      <Filter>SerialPortLibrary</Filter>
    </ClCompile>
    <ClCompile Include="Utilities.cpp" />
    <ClCompile Include="Packet.cpp" />
    <ClCompile Include="include\SQLiteCpp\sqlite3\sqlite3.c">
      <Filter>SQLiteCpp</Filter>
    </ClCompile>
    <ClCompile Include="include\SQLiteCpp\src\Database.cpp">
      <Filter>SQLiteCpp</Filter>
    </ClCompile>
    <ClCompile Include="include\SQLiteCpp\src\Exception.cpp">
      <Filter>SQLiteCpp</Filter>
    </ClCompile>
    <ClCompile Include="include\SQLiteCpp\src\Statement.cpp">
      <Filter>SQLiteCpp</Filter>
    </ClCompile>
    <ClCompile Include="include\SQLiteCpp\src\Transaction.cpp">
      <Filter>SQLiteCpp</Filter>
    </ClCompile>
    <ClCompile Include="include\SQLiteCpp\src\Backup.cpp">
      <Filter>SQLiteCpp</Filter>
    </ClCompile>
    <ClCompile Include="include\SQLiteCpp\src\Column.cpp">
      <Filter>SQLiteCpp</Filter>
    </ClCompile>
    <ClCompile Include="SQLDatabase.cpp" />
  </ItemGroup>
  <ItemGroup>
    <ClInclude Include="include\serial\serial.h">
      <Filter>SerialPortLibrary</Filter>
    </ClInclude>
    <ClInclude Include="include\serial\impl\unix.h">
      <Filter>SerialPortLibrary</Filter>
    </ClInclude>
    <ClInclude Include="include\serial\v8stdint.h">
      <Filter>SerialPortLibrary</Filter>
    </ClInclude>
    <ClInclude Include="include\serial\impl\win.h">
      <Filter>SerialPortLibrary</Filter>
    </ClInclude>
    <ClInclude Include="Utilities.h" />
    <ClInclude Include="Enums.h" />
    <ClInclude Include="Libs.h" />
    <ClInclude Include="Packet.h" />
    <ClInclude Include="include\SQLiteCpp\Assertion.h">
      <Filter>SQLiteCpp</Filter>
    </ClInclude>
    <ClInclude Include="include\SQLiteCpp\Backup.h">
      <Filter>SQLiteCpp</Filter>
    </ClInclude>
    <ClInclude Include="include\SQLiteCpp\Column.h">
      <Filter>SQLiteCpp</Filter>
    </ClInclude>
    <ClInclude Include="include\SQLiteCpp\Database.h">
      <Filter>SQLiteCpp</Filter>
    </ClInclude>
    <ClInclude Include="include\SQLiteCpp\Exception.h">
      <Filter>SQLiteCpp</Filter>
    </ClInclude>
    <ClInclude Include="include\SQLiteCpp\SQLiteCpp.h">
      <Filter>SQLiteCpp</Filter>
    </ClInclude>
    <ClInclude Include="include\SQLiteCpp\Statement.h">
      <Filter>SQLiteCpp</Filter>
    </ClInclude>
    <ClInclude Include="include\SQLiteCpp\Transaction.h">
      <Filter>SQLiteCpp</Filter>
    </ClInclude>
    <ClInclude Include="include\SQLiteCpp\VariadicBind.h">
      <Filter>SQLiteCpp</Filter>
    </ClInclude>
    <ClInclude Include="include\SQLiteCpp\sqlite3\sqlite3.h">
      <Filter>SQLiteCpp</Filter>
    </ClInclude>
    <ClInclude Include="SQLDatabase.h" />
  </ItemGroup>
  <ItemGroup>
    <Filter Include="SerialPortLibrary">
      <UniqueIdentifier>{3775daf0-3614-43b9-b40f-11df7353954e}</UniqueIdentifier>
    </Filter>
    <Filter Include="SQLiteCpp">
      <UniqueIdentifier>{3106e713-c618-4d44-b4bd-c4ffff64dfb9}</UniqueIdentifier>
    </Filter>
  </ItemGroup>
</Project>